
Microsoft Visual Studio Solution File, Format Version 12.00
# Visual Studio 15
VisualStudioVersion = 15.0.27130.2036
MinimumVisualStudioVersion = 10.0.40219.1
Project("{FAE04EC0-301F-11D3-BF4B-00C04F79EFBC}") = "HailBetulania", "HailBetulania\HailBetulania.csproj", "{8D9C42F4-3371-4637-9AA8-0DB6E39A5E3C}"
EndProject
Project("{FAE04EC0-301F-11D3-BF4B-00C04F79EFBC}") = "HailBetulaniaTests", "HailBetulaniaTests\HailBetulaniaTests.csproj", "{7E234D41-6F2E-42C4-864E-A3F458A8441F}"
EndProject
Global
	GlobalSection(SolutionConfigurationPlatforms) = preSolution
		Debug|Any CPU = Debug|Any CPU
		Release|Any CPU = Release|Any CPU
	EndGlobalSection
	GlobalSection(ProjectConfigurationPlatforms) = postSolution
		{8D9C42F4-3371-4637-9AA8-0DB6E39A5E3C}.Debug|Any CPU.ActiveCfg = Debug|Any CPU
		{8D9C42F4-3371-4637-9AA8-0DB6E39A5E3C}.Debug|Any CPU.Build.0 = Debug|Any CPU
		{8D9C42F4-3371-4637-9AA8-0DB6E39A5E3C}.Release|Any CPU.ActiveCfg = Release|Any CPU
		{8D9C42F4-3371-4637-9AA8-0DB6E39A5E3C}.Release|Any CPU.Build.0 = Release|Any CPU
		{7E234D41-6F2E-42C4-864E-A3F458A8441F}.Debug|Any CPU.ActiveCfg = Debug|Any CPU
		{7E234D41-6F2E-42C4-864E-A3F458A8441F}.Debug|Any CPU.Build.0 = Debug|Any CPU
		{7E234D41-6F2E-42C4-864E-A3F458A8441F}.Release|Any CPU.ActiveCfg = Release|Any CPU
		{7E234D41-6F2E-42C4-864E-A3F458A8441F}.Release|Any CPU.Build.0 = Release|Any CPU
	EndGlobalSection
	GlobalSection(SolutionProperties) = preSolution
		HideSolutionNode = FALSE
	EndGlobalSection
	GlobalSection(ExtensibilityGlobals) = postSolution
		SolutionGuid = {940CBDAD-4FC1-4FCD-B932-97EC79FE4F36}
	EndGlobalSection
EndGlobal
